
Microsoft Visual Studio Solution File, Format Version 11.00
# Visual Studio 2010
Project("{FAE04EC0-301F-11D3-BF4B-00C04F79EFBC}") = "Assembly-CSharp-firstpass", "Assembly-CSharp-firstpass.csproj", "{E4EB7F45-CF60-4506-14FE-A507029CD88C}"
EndProject
Project("{FAE04EC0-301F-11D3-BF4B-00C04F79EFBC}") = "Assembly-CSharp", "Assembly-CSharp.csproj", "{B0E91DC3-74A1-C8C7-1202-26798B2A5985}"
EndProject
Project("{FAE04EC0-301F-11D3-BF4B-00C04F79EFBC}") = "Assembly-CSharp-Editor-firstpass", "Assembly-CSharp-Editor-firstpass.csproj", "{E174EA8C-36B5-4D43-5D3F-66EE9B1144F0}"
EndProject
Global
	GlobalSection(SolutionConfigurationPlatforms) = preSolution
		Debug|Any CPU = Debug|Any CPU
		Release|Any CPU = Release|Any CPU
	EndGlobalSection
	GlobalSection(ProjectConfigurationPlatforms) = postSolution
		{E4EB7F45-CF60-4506-14FE-A507029CD88C}.Debug|Any CPU.ActiveCfg = Debug|Any CPU
		{E4EB7F45-CF60-4506-14FE-A507029CD88C}.Debug|Any CPU.Build.0 = Debug|Any CPU
		{E4EB7F45-CF60-4506-14FE-A507029CD88C}.Release|Any CPU.ActiveCfg = Release|Any CPU
		{E4EB7F45-CF60-4506-14FE-A507029CD88C}.Release|Any CPU.Build.0 = Release|Any CPU
		{B0E91DC3-74A1-C8C7-1202-26798B2A5985}.Debug|Any CPU.ActiveCfg = Debug|Any CPU
		{B0E91DC3-74A1-C8C7-1202-26798B2A5985}.Debug|Any CPU.Build.0 = Debug|Any CPU
		{B0E91DC3-74A1-C8C7-1202-26798B2A5985}.Release|Any CPU.ActiveCfg = Release|Any CPU
		{B0E91DC3-74A1-C8C7-1202-26798B2A5985}.Release|Any CPU.Build.0 = Release|Any CPU
		{E174EA8C-36B5-4D43-5D3F-66EE9B1144F0}.Debug|Any CPU.ActiveCfg = Debug|Any CPU
		{E174EA8C-36B5-4D43-5D3F-66EE9B1144F0}.Debug|Any CPU.Build.0 = Debug|Any CPU
		{E174EA8C-36B5-4D43-5D3F-66EE9B1144F0}.Release|Any CPU.ActiveCfg = Release|Any CPU
		{E174EA8C-36B5-4D43-5D3F-66EE9B1144F0}.Release|Any CPU.Build.0 = Release|Any CPU
	EndGlobalSection
	GlobalSection(SolutionProperties) = preSolution
		HideSolutionNode = FALSE
	EndGlobalSection
	GlobalSection(MonoDevelopProperties) = preSolution
		StartupItem = Assembly-CSharp.csproj
	EndGlobalSection
EndGlobal
