
Microsoft Visual Studio Solution File, Format Version 11.00
# Visual Studio 2010
Project("{FAE04EC0-301F-11D3-BF4B-00C04F79EFBC}") = "Assembly-CSharp", "Assembly-CSharp.csproj", "{C045D81D-3BB6-6570-58EE-40A5CD8376FA}"
EndProject
Project("{FAE04EC0-301F-11D3-BF4B-00C04F79EFBC}") = "Assembly-CSharp-firstpass", "Assembly-CSharp-firstpass.csproj", "{FEAA846D-F6DC-824E-8938-9761AF2F9FFC}"
EndProject
Project("{FAE04EC0-301F-11D3-BF4B-00C04F79EFBC}") = "Assembly-CSharp-Editor-firstpass", "Assembly-CSharp-Editor-firstpass.csproj", "{867310E3-CEBC-E7A6-1F79-BF1FFE4DA4A9}"
EndProject
Global
	GlobalSection(SolutionConfigurationPlatforms) = preSolution
		Debug|Any CPU = Debug|Any CPU
		Release|Any CPU = Release|Any CPU
	EndGlobalSection
	GlobalSection(ProjectConfigurationPlatforms) = postSolution
		{C045D81D-3BB6-6570-58EE-40A5CD8376FA}.Debug|Any CPU.ActiveCfg = Debug|Any CPU
		{C045D81D-3BB6-6570-58EE-40A5CD8376FA}.Debug|Any CPU.Build.0 = Debug|Any CPU
		{C045D81D-3BB6-6570-58EE-40A5CD8376FA}.Release|Any CPU.ActiveCfg = Release|Any CPU
		{C045D81D-3BB6-6570-58EE-40A5CD8376FA}.Release|Any CPU.Build.0 = Release|Any CPU
		{FEAA846D-F6DC-824E-8938-9761AF2F9FFC}.Debug|Any CPU.ActiveCfg = Debug|Any CPU
		{FEAA846D-F6DC-824E-8938-9761AF2F9FFC}.Debug|Any CPU.Build.0 = Debug|Any CPU
		{FEAA846D-F6DC-824E-8938-9761AF2F9FFC}.Release|Any CPU.ActiveCfg = Release|Any CPU
		{FEAA846D-F6DC-824E-8938-9761AF2F9FFC}.Release|Any CPU.Build.0 = Release|Any CPU
		{867310E3-CEBC-E7A6-1F79-BF1FFE4DA4A9}.Debug|Any CPU.ActiveCfg = Debug|Any CPU
		{867310E3-CEBC-E7A6-1F79-BF1FFE4DA4A9}.Debug|Any CPU.Build.0 = Debug|Any CPU
		{867310E3-CEBC-E7A6-1F79-BF1FFE4DA4A9}.Release|Any CPU.ActiveCfg = Release|Any CPU
		{867310E3-CEBC-E7A6-1F79-BF1FFE4DA4A9}.Release|Any CPU.Build.0 = Release|Any CPU
	EndGlobalSection
	GlobalSection(SolutionProperties) = preSolution
		HideSolutionNode = FALSE
	EndGlobalSection
	GlobalSection(MonoDevelopProperties) = preSolution
		StartupItem = Assembly-CSharp.csproj
	EndGlobalSection
EndGlobal
